{
    "name": "@buckydev/cc-basalt-types",
    "version": "1.0.0",
    "lockfileVersion": 3,
    "requires": true,
    "packages": {
        "": {
            "name": "@buckydev/cc-basalt-types",
            "version": "1.0.0",
            "license": "MIT",
            "dependencies": {
                "@jackmacwindows/craftos-types": "^1.1.1"
            }
        },
        "node_modules/@jackmacwindows/craftos-types": {
            "version": "1.1.1",
            "resolved": "https://registry.npmjs.org/@jackmacwindows/craftos-types/-/craftos-types-1.1.1.tgz",
            "integrity": "sha512-h9AYt6yarwR5sLA1CcM+dK/xoEYUUTz9CzbG8UE9wfWElYEjHtvVmPh4sW7FRhVLWcRNkDrnRfwu4clbhHRddA=="
        }
    }
}
